// !$*UTF8*$!
{
	archiveVersion = 1;
	classes = {
	};
	objectVersion = 46;
	objects = {

/* Begin PBXBuildFile section */
		014656311E76122600BAB2F8 /* AppDelegate.swift in Sources */ = {isa = PBXBuildFile; fileRef = 014656301E76122600BAB2F8 /* AppDelegate.swift */; };
		014656331E76122600BAB2F8 /* ViewController.swift in Sources */ = {isa = PBXBuildFile; fileRef = 014656321E76122600BAB2F8 /* ViewController.swift */; };
		014656361E76122600BAB2F8 /* Main.storyboard in Resources */ = {isa = PBXBuildFile; fileRef = 014656341E76122600BAB2F8 /* Main.storyboard */; };
		014656381E76122700BAB2F8 /* Assets.xcassets in Resources */ = {isa = PBXBuildFile; fileRef = 014656371E76122600BAB2F8 /* Assets.xcassets */; };
		0146563B1E76122700BAB2F8 /* LaunchScreen.storyboard in Resources */ = {isa = PBXBuildFile; fileRef = 014656391E76122700BAB2F8 /* LaunchScreen.storyboard */; };
		014656461E76122700BAB2F8 /* MiraclePillTests.swift in Sources */ = {isa = PBXBuildFile; fileRef = 014656451E76122700BAB2F8 /* MiraclePillTests.swift */; };
		014656511E76122700BAB2F8 /* MiraclePillUITests.swift in Sources */ = {isa = PBXBuildFile; fileRef = 014656501E76122700BAB2F8 /* MiraclePillUITests.swift */; };
/* End PBXBuildFile section */

/* Begin PBXContainerItemProxy section */
		014656421E76122700BAB2F8 /* PBXContainerItemProxy */ = {
			isa = PBXContainerItemProxy;
			containerPortal = 014656251E76122600BAB2F8 /* Project object */;
			proxyType = 1;
			remoteGlobalIDString = 0146562C1E76122600BAB2F8;
			remoteInfo = MiraclePill;
		};
		0146564D1E76122700BAB2F8 /* PBXContainerItemProxy */ = {
			isa = PBXContainerItemProxy;
			containerPortal = 014656251E76122600BAB2F8 /* Project object */;
			proxyType = 1;
			remoteGlobalIDString = 0146562C1E76122600BAB2F8;
			remoteInfo = MiraclePill;
		};
/* End PBXContainerItemProxy section */

/* Begin PBXFileReference section */
		0146562D1E76122600BAB2F8 /* MiraclePill.app */ = {isa = PBXFileReference; explicitFileType = wrapper.application; includeInIndex = 0; path = MiraclePill.app; sourceTree = BUILT_PRODUCTS_DIR; };
		014656301E76122600BAB2F8 /* AppDelegate.swift */ = {isa = PBXFileReference; lastKnownFileType = sourcecode.swift; path = AppDelegate.swift; sourceTree = "<group>"; };
		014656321E76122600BAB2F8 /* ViewController.swift */ = {isa = PBXFileReference; lastKnownFileType = sourcecode.swift; path = ViewController.swift; sourceTree = "<group>"; };
		014656351E76122600BAB2F8 /* Base */ = {isa = PBXFileReference; lastKnownFileType = file.storyboard; name = Base; path = Base.lproj/Main.storyboard; sourceTree = "<group>"; };
		014656371E76122600BAB2F8 /* Assets.xcassets */ = {isa = PBXFileReference; lastKnownFileType = folder.assetcatalog; path = Assets.xcassets; sourceTree = "<group>"; };
		0146563A1E76122700BAB2F8 /* Base */ = {isa = PBXFileReference; lastKnownFileType = file.storyboard; name = Base; path = Base.lproj/LaunchScreen.storyboard; sourceTree = "<group>"; };
		0146563C1E76122700BAB2F8 /* Info.plist */ = {isa = PBXFileReference; lastKnownFileType = text.plist.xml; path = Info.plist; sourceTree = "<group>"; };
		014656411E76122700BAB2F8 /* MiraclePillTests.xctest */ = {isa = PBXFileReference; explicitFileType = wrapper.cfbundle; includeInIndex = 0; path = MiraclePillTests.xctest; sourceTree = BUILT_PRODUCTS_DIR; };
		014656451E76122700BAB2F8 /* MiraclePillTests.swift */ = {isa = PBXFileReference; lastKnownFileType = sourcecode.swift; path = MiraclePillTests.swift; sourceTree = "<group>"; };
		014656471E76122700BAB2F8 /* Info.plist */ = {isa = PBXFileReference; lastKnownFileType = text.plist.xml; path = Info.plist; sourceTree = "<group>"; };
		0146564C1E76122700BAB2F8 /* MiraclePillUITests.xctest */ = {isa = PBXFileReference; explicitFileType = wrapper.cfbundle; includeInIndex = 0; path = MiraclePillUITests.xctest; sourceTree = BUILT_PRODUCTS_DIR; };
		014656501E76122700BAB2F8 /* MiraclePillUITests.swift */ = {isa = PBXFileReference; lastKnownFileType = sourcecode.swift; path = MiraclePillUITests.swift; sourceTree = "<group>"; };
		014656521E76122700BAB2F8 /* Info.plist */ = {isa = PBXFileReference; lastKnownFileType = text.plist.xml; path = Info.plist; sourceTree = "<group>"; };
/* End PBXFileReference section */

/* Begin PBXFrameworksBuildPhase section */
		0146562A1E76122600BAB2F8 /* Frameworks */ = {
			isa = PBXFrameworksBuildPhase;
			buildActionMask = 2147483647;
			files = (
			);
			runOnlyForDeploymentPostprocessing = 0;
		};
		0146563E1E76122700BAB2F8 /* Frameworks */ = {
			isa = PBXFrameworksBuildPhase;
			buildActionMask = 2147483647;
			files = (
			);
			runOnlyForDeploymentPostprocessing = 0;
		};
		014656491E76122700BAB2F8 /* Frameworks */ = {
			isa = PBXFrameworksBuildPhase;
			buildActionMask = 2147483647;
			files = (
			);
			runOnlyForDeploymentPostprocessing = 0;
		};
/* End PBXFrameworksBuildPhase section */

/* Begin PBXGroup section */
		014656241E76122600BAB2F8 = {
			isa = PBXGroup;
			children = (
				0146562F1E76122600BAB2F8 /* MiraclePill */,
				014656441E76122700BAB2F8 /* MiraclePillTests */,
				0146564F1E76122700BAB2F8 /* MiraclePillUITests */,
				0146562E1E76122600BAB2F8 /* Products */,
			);
			sourceTree = "<group>";
		};
		0146562E1E76122600BAB2F8 /* Products */ = {
			isa = PBXGroup;
			children = (
				0146562D1E76122600BAB2F8 /* MiraclePill.app */,
				014656411E76122700BAB2F8 /* MiraclePillTests.xctest */,
				0146564C1E76122700BAB2F8 /* MiraclePillUITests.xctest */,
			);
			name = Products;
			sourceTree = "<group>";
		};
		0146562F1E76122600BAB2F8 /* MiraclePill */ = {
			isa = PBXGroup;
			children = (
				014656301E76122600BAB2F8 /* AppDelegate.swift */,
				014656321E76122600BAB2F8 /* ViewController.swift */,
				014656341E76122600BAB2F8 /* Main.storyboard */,
				014656371E76122600BAB2F8 /* Assets.xcassets */,
				014656391E76122700BAB2F8 /* LaunchScreen.storyboard */,
				0146563C1E76122700BAB2F8 /* Info.plist */,
			);
			path = MiraclePill;
			sourceTree = "<group>";
		};
		014656441E76122700BAB2F8 /* MiraclePillTests */ = {
			isa = PBXGroup;
			children = (
				014656451E76122700BAB2F8 /* MiraclePillTests.swift */,
				014656471E76122700BAB2F8 /* Info.plist */,
			);
			path = MiraclePillTests;
			sourceTree = "<group>";
		};
		0146564F1E76122700BAB2F8 /* MiraclePillUITests */ = {
			isa = PBXGroup;
			children = (
				014656501E76122700BAB2F8 /* MiraclePillUITests.swift */,
				014656521E76122700BAB2F8 /* Info.plist */,
			);
			path = MiraclePillUITests;
			sourceTree = "<group>";
		};
/* End PBXGroup section */

/* Begin PBXNativeTarget section */
		0146562C1E76122600BAB2F8 /* MiraclePill */ = {
			isa = PBXNativeTarget;
			buildConfigurationList = 014656551E76122700BAB2F8 /* Build configuration list for PBXNativeTarget "MiraclePill" */;
			buildPhases = (
				014656291E76122600BAB2F8 /* Sources */,
				0146562A1E76122600BAB2F8 /* Frameworks */,
				0146562B1E76122600BAB2F8 /* Resources */,
			);
			buildRules = (
			);
			dependencies = (
			);
			name = MiraclePill;
			productName = MiraclePill;
			productReference = 0146562D1E76122600BAB2F8 /* MiraclePill.app */;
			productType = "com.apple.product-type.application";
		};
		014656401E76122700BAB2F8 /* MiraclePillTests */ = {
			isa = PBXNativeTarget;
			buildConfigurationList = 014656581E76122700BAB2F8 /* Build configuration list for PBXNativeTarget "MiraclePillTests" */;
			buildPhases = (
				0146563D1E76122700BAB2F8 /* Sources */,
				0146563E1E76122700BAB2F8 /* Frameworks */,
				0146563F1E76122700BAB2F8 /* Resources */,
			);
			buildRules = (
			);
			dependencies = (
				014656431E76122700BAB2F8 /* PBXTargetDependency */,
			);
			name = MiraclePillTests;
			productName = MiraclePillTests;
			productReference = 014656411E76122700BAB2F8 /* MiraclePillTests.xctest */;
			productType = "com.apple.product-type.bundle.unit-test";
		};
		0146564B1E76122700BAB2F8 /* MiraclePillUITests */ = {
			isa = PBXNativeTarget;
			buildConfigurationList = 0146565B1E76122700BAB2F8 /* Build configuration list for PBXNativeTarget "MiraclePillUITests" */;
			buildPhases = (
				014656481E76122700BAB2F8 /* Sources */,
				014656491E76122700BAB2F8 /* Frameworks */,
				0146564A1E76122700BAB2F8 /* Resources */,
			);
			buildRules = (
			);
			dependencies = (
				0146564E1E76122700BAB2F8 /* PBXTargetDependency */,
			);
			name = MiraclePillUITests;
			productName = MiraclePillUITests;
			productReference = 0146564C1E76122700BAB2F8 /* MiraclePillUITests.xctest */;
			productType = "com.apple.product-type.bundle.ui-testing";
		};
/* End PBXNativeTarget section */

/* Begin PBXProject section */
		014656251E76122600BAB2F8 /* Project object */ = {
			isa = PBXProject;
			attributes = {
				LastSwiftUpdateCheck = 0820;
				LastUpgradeCheck = 0820;
				ORGANIZATIONNAME = "Nick Birch";
				TargetAttributes = {
					0146562C1E76122600BAB2F8 = {
						CreatedOnToolsVersion = 8.2.1;
						DevelopmentTeam = 2A8MCQ4GL6;
						ProvisioningStyle = Automatic;
					};
					014656401E76122700BAB2F8 = {
						CreatedOnToolsVersion = 8.2.1;
						DevelopmentTeam = 2A8MCQ4GL6;
						ProvisioningStyle = Automatic;
						TestTargetID = 0146562C1E76122600BAB2F8;
					};
					0146564B1E76122700BAB2F8 = {
						CreatedOnToolsVersion = 8.2.1;
						DevelopmentTeam = 2A8MCQ4GL6;
						ProvisioningStyle = Automatic;
						TestTargetID = 0146562C1E76122600BAB2F8;
					};
				};
			};
			buildConfigurationList = 014656281E76122600BAB2F8 /* Build configuration list for PBXProject "MiraclePill" */;
			compatibilityVersion = "Xcode 3.2";
			developmentRegion = English;
			hasScannedForEncodings = 0;
			knownRegions = (
				en,
				Base,
			);
			mainGroup = 014656241E76122600BAB2F8;
			productRefGroup = 0146562E1E76122600BAB2F8 /* Products */;
			projectDirPath = "";
			projectRoot = "";
			targets = (
				0146562C1E76122600BAB2F8 /* MiraclePill */,
				014656401E76122700BAB2F8 /* MiraclePillTests */,
				0146564B1E76122700BAB2F8 /* MiraclePillUITests */,
			);
		};
/* End PBXProject section */

/* Begin PBXResourcesBuildPhase section */
		0146562B1E76122600BAB2F8 /* Resources */ = {
			isa = PBXResourcesBuildPhase;
			buildActionMask = 2147483647;
			files = (
				0146563B1E76122700BAB2F8 /* LaunchScreen.storyboard in Resources */,
				014656381E76122700BAB2F8 /* Assets.xcassets in Resources */,
				014656361E76122600BAB2F8 /* Main.storyboard in Resources */,
			);
			runOnlyForDeploymentPostprocessing = 0;
		};
		0146563F1E76122700BAB2F8 /* Resources */ = {
			isa = PBXResourcesBuildPhase;
			buildActionMask = 2147483647;
			files = (
			);
			runOnlyForDeploymentPostprocessing = 0;
		};
		0146564A1E76122700BAB2F8 /* Resources */ = {
			isa = PBXResourcesBuildPhase;
			buildActionMask = 2147483647;
			files = (
			);
			runOnlyForDeploymentPostprocessing = 0;
		};
/* End PBXResourcesBuildPhase section */

/* Begin PBXSourcesBuildPhase section */
		014656291E76122600BAB2F8 /* Sources */ = {
			isa = PBXSourcesBuildPhase;
			buildActionMask = 2147483647;
			files = (
				014656331E76122600BAB2F8 /* ViewController.swift in Sources */,
				014656311E76122600BAB2F8 /* AppDelegate.swift in Sources */,
			);
			runOnlyForDeploymentPostprocessing = 0;
		};
		0146563D1E76122700BAB2F8 /* Sources */ = {
			isa = PBXSourcesBuildPhase;
			buildActionMask = 2147483647;
			files = (
				014656461E76122700BAB2F8 /* MiraclePillTests.swift in Sources */,
			);
			runOnlyForDeploymentPostprocessing = 0;
		};
		014656481E76122700BAB2F8 /* Sources */ = {
			isa = PBXSourcesBuildPhase;
			buildActionMask = 2147483647;
			files = (
				014656511E76122700BAB2F8 /* MiraclePillUITests.swift in Sources */,
			);
			runOnlyForDeploymentPostprocessing = 0;
		};
/* End PBXSourcesBuildPhase section */

/* Begin PBXTargetDependency section */
		014656431E76122700BAB2F8 /* PBXTargetDependency */ = {
			isa = PBXTargetDependency;
			target = 0146562C1E76122600BAB2F8 /* MiraclePill */;
			targetProxy = 014656421E76122700BAB2F8 /* PBXContainerItemProxy */;
		};
		0146564E1E76122700BAB2F8 /* PBXTargetDependency */ = {
			isa = PBXTargetDependency;
			target = 0146562C1E76122600BAB2F8 /* MiraclePill */;
			targetProxy = 0146564D1E76122700BAB2F8 /* PBXContainerItemProxy */;
		};
/* End PBXTargetDependency section */

/* Begin PBXVariantGroup section */
		014656341E76122600BAB2F8 /* Main.storyboard */ = {
			isa = PBXVariantGroup;
			children = (
				014656351E76122600BAB2F8 /* Base */,
			);
			name = Main.storyboard;
			sourceTree = "<group>";
		};
		014656391E76122700BAB2F8 /* LaunchScreen.storyboard */ = {
			isa = PBXVariantGroup;
			children = (
				0146563A1E76122700BAB2F8 /* Base */,
			);
			name = LaunchScreen.storyboard;
			sourceTree = "<group>";
		};
/* End PBXVariantGroup section */

/* Begin XCBuildConfiguration section */
		014656531E76122700BAB2F8 /* Debug */ = {
			isa = XCBuildConfiguration;
			buildSettings = {
				ALWAYS_SEARCH_USER_PATHS = NO;
				CLANG_ANALYZER_NONNULL = YES;
				CLANG_CXX_LANGUAGE_STANDARD = "gnu++0x";
				CLANG_CXX_LIBRARY = "libc++";
				CLANG_ENABLE_MODULES = YES;
				CLANG_ENABLE_OBJC_ARC = YES;
				CLANG_WARN_BOOL_CONVERSION = YES;
				CLANG_WARN_CONSTANT_CONVERSION = YES;
				CLANG_WARN_DIRECT_OBJC_ISA_USAGE = YES_ERROR;
				CLANG_WARN_DOCUMENTATION_COMMENTS = YES;
				CLANG_WARN_EMPTY_BODY = YES;
				CLANG_WARN_ENUM_CONVERSION = YES;
				CLANG_WARN_INFINITE_RECURSION = YES;
				CLANG_WARN_INT_CONVERSION = YES;
				CLANG_WARN_OBJC_ROOT_CLASS = YES_ERROR;
				CLANG_WARN_SUSPICIOUS_MOVE = YES;
				CLANG_WARN_UNREACHABLE_CODE = YES;
				CLANG_WARN__DUPLICATE_METHOD_MATCH = YES;
				"CODE_SIGN_IDENTITY[sdk=iphoneos*]" = "iPhone Developer";
				COPY_PHASE_STRIP = NO;
				DEBUG_INFORMATION_FORMAT = dwarf;
				ENABLE_STRICT_OBJC_MSGSEND = YES;
				ENABLE_TESTABILITY = YES;
				GCC_C_LANGUAGE_STANDARD = gnu99;
				GCC_DYNAMIC_NO_PIC = NO;
				GCC_NO_COMMON_BLOCKS = YES;
				GCC_OPTIMIZATION_LEVEL = 0;
				GCC_PREPROCESSOR_DEFINITIONS = (
					"DEBUG=1",
					"$(inherited)",
				);
				GCC_WARN_64_TO_32_BIT_CONVERSION = YES;
				GCC_WARN_ABOUT_RETURN_TYPE = YES_ERROR;
				GCC_WARN_UNDECLARED_SELECTOR = YES;
				GCC_WARN_UNINITIALIZED_AUTOS = YES_AGGRESSIVE;
				GCC_WARN_UNUSED_FUNCTION = YES;
				GCC_WARN_UNUSED_VARIABLE = YES;
				IPHONEOS_DEPLOYMENT_TARGET = 10.2;
				MTL_ENABLE_DEBUG_INFO = YES;
				ONLY_ACTIVE_ARCH = YES;
				SDKROOT = iphoneos;
				SWIFT_ACTIVE_COMPILATION_CONDITIONS = DEBUG;
				SWIFT_OPTIMIZATION_LEVEL = "-Onone";
				TARGETED_DEVICE_FAMILY = "1,2";
			};
			name = Debug;
		};
		014656541E76122700BAB2F8 /* Release */ = {
			isa = XCBuildConfiguration;
			buildSettings = {
				ALWAYS_SEARCH_USER_PATHS = NO;
				CLANG_ANALYZER_NONNULL = YES;
				CLANG_CXX_LANGUAGE_STANDARD = "gnu++0x";
				CLANG_CXX_LIBRARY = "libc++";
				CLANG_ENABLE_MODULES = YES;
				CLANG_ENABLE_OBJC_ARC = YES;
				CLANG_WARN_BOOL_CONVERSION = YES;
				CLANG_WARN_CONSTANT_CONVERSION = YES;
				CLANG_WARN_DIRECT_OBJC_ISA_USAGE = YES_ERROR;
				CLANG_WARN_DOCUMENTATION_COMMENTS = YES;
				CLANG_WARN_EMPTY_BODY = YES;
				CLANG_WARN_ENUM_CONVERSION = YES;
				CLANG_WARN_INFINITE_RECURSION = YES;
				CLANG_WARN_INT_CONVERSION = YES;
				CLANG_WARN_OBJC_ROOT_CLASS = YES_ERROR;
				CLANG_WARN_SUSPICIOUS_MOVE = YES;
				CLANG_WARN_UNREACHABLE_CODE = YES;
				CLANG_WARN__DUPLICATE_METHOD_MATCH = YES;
				"CODE_SIGN_IDENTITY[sdk=iphoneos*]" = "iPhone Developer";
				COPY_PHASE_STRIP = NO;
				DEBUG_INFORMATION_FORMAT = "dwarf-with-dsym";
				ENABLE_NS_ASSERTIONS = NO;
				ENABLE_STRICT_OBJC_MSGSEND = YES;
				GCC_C_LANGUAGE_STANDARD = gnu99;
				GCC_NO_COMMON_BLOCKS = YES;
				GCC_WARN_64_TO_32_BIT_CONVERSION = YES;
				GCC_WARN_ABOUT_RETURN_TYPE = YES_ERROR;
				GCC_WARN_UNDECLARED_SELECTOR = YES;
				GCC_WARN_UNINITIALIZED_AUTOS = YES_AGGRESSIVE;
				GCC_WARN_UNUSED_FUNCTION = YES;
				GCC_WARN_UNUSED_VARIABLE = YES;
				IPHONEOS_DEPLOYMENT_TARGET = 10.2;
				MTL_ENABLE_DEBUG_INFO = NO;
				SDKROOT = iphoneos;
				SWIFT_OPTIMIZATION_LEVEL = "-Owholemodule";
				TARGETED_DEVICE_FAMILY = "1,2";
				VALIDATE_PRODUCT = YES;
			};
			name = Release;
		};
		014656561E76122700BAB2F8 /* Debug */ = {
			isa = XCBuildConfiguration;
			buildSettings = {
				ASSETCATALOG_COMPILER_APPICON_NAME = AppIcon;
				DEVELOPMENT_TEAM = 2A8MCQ4GL6;
				INFOPLIST_FILE = MiraclePill/Info.plist;
				LD_RUNPATH_SEARCH_PATHS = "$(inherited) @executable_path/Frameworks";
				PRODUCT_BUNDLE_IDENTIFIER = com.iotatel.MiraclePill;
				PRODUCT_NAME = "$(TARGET_NAME)";
				SWIFT_VERSION = 3.0;
			};
			name = Debug;
		};
		014656571E76122700BAB2F8 /* Release */ = {
			isa = XCBuildConfiguration;
			buildSettings = {
				ASSETCATALOG_COMPILER_APPICON_NAME = AppIcon;
				DEVELOPMENT_TEAM = 2A8MCQ4GL6;
				INFOPLIST_FILE = MiraclePill/Info.plist;
				LD_RUNPATH_SEARCH_PATHS = "$(inherited) @executable_path/Frameworks";
				PRODUCT_BUNDLE_IDENTIFIER = com.iotatel.MiraclePill;
				PRODUCT_NAME = "$(TARGET_NAME)";
				SWIFT_VERSION = 3.0;
			};
			name = Release;
		};
		014656591E76122700BAB2F8 /* Debug */ = {
			isa = XCBuildConfiguration;
			buildSettings = {
				ALWAYS_EMBED_SWIFT_STANDARD_LIBRARIES = YES;
				BUNDLE_LOADER = "$(TEST_HOST)";
				DEVELOPMENT_TEAM = 2A8MCQ4GL6;
				INFOPLIST_FILE = MiraclePillTests/Info.plist;
				LD_RUNPATH_SEARCH_PATHS = "$(inherited) @executable_path/Frameworks @loader_path/Frameworks";
				PRODUCT_BUNDLE_IDENTIFIER = com.iotatel.MiraclePillTests;
				PRODUCT_NAME = "$(TARGET_NAME)";
				SWIFT_VERSION = 3.0;
				TEST_HOST = "$(BUILT_PRODUCTS_DIR)/MiraclePill.app/MiraclePill";
			};
			name = Debug;
		};
		0146565A1E76122700BAB2F8 /* Release */ = {
			isa = XCBuildConfiguration;
			buildSettings = {
				ALWAYS_EMBED_SWIFT_STANDARD_LIBRARIES = YES;
				BUNDLE_LOADER = "$(TEST_HOST)";
				DEVELOPMENT_TEAM = 2A8MCQ4GL6;
				INFOPLIST_FILE = MiraclePillTests/Info.plist;
				LD_RUNPATH_SEARCH_PATHS = "$(inherited) @executable_path/Frameworks @loader_path/Frameworks";
				PRODUCT_BUNDLE_IDENTIFIER = com.iotatel.MiraclePillTests;
				PRODUCT_NAME = "$(TARGET_NAME)";
				SWIFT_VERSION = 3.0;
				TEST_HOST = "$(BUILT_PRODUCTS_DIR)/MiraclePill.app/MiraclePill";
			};
			name = Release;
		};
		0146565C1E76122700BAB2F8 /* Debug */ = {
			isa = XCBuildConfiguration;
			buildSettings = {
				ALWAYS_EMBED_SWIFT_STANDARD_LIBRARIES = YES;
				DEVELOPMENT_TEAM = 2A8MCQ4GL6;
				INFOPLIST_FILE = MiraclePillUITests/Info.plist;
				LD_RUNPATH_SEARCH_PATHS = "$(inherited) @executable_path/Frameworks @loader_path/Frameworks";
				PRODUCT_BUNDLE_IDENTIFIER = com.iotatel.MiraclePillUITests;
				PRODUCT_NAME = "$(TARGET_NAME)";
				SWIFT_VERSION = 3.0;
				TEST_TARGET_NAME = MiraclePill;
			};
			name = Debug;
		};
		0146565D1E76122700BAB2F8 /* Release */ = {
			isa = XCBuildConfiguration;
			buildSettings = {
				ALWAYS_EMBED_SWIFT_STANDARD_LIBRARIES = YES;
				DEVELOPMENT_TEAM = 2A8MCQ4GL6;
				INFOPLIST_FILE = MiraclePillUITests/Info.plist;
				LD_RUNPATH_SEARCH_PATHS = "$(inherited) @executable_path/Frameworks @loader_path/Frameworks";
				PRODUCT_BUNDLE_IDENTIFIER = com.iotatel.MiraclePillUITests;
				PRODUCT_NAME = "$(TARGET_NAME)";
				SWIFT_VERSION = 3.0;
				TEST_TARGET_NAME = MiraclePill;
			};
			name = Release;
		};
/* End XCBuildConfiguration section */

/* Begin XCConfigurationList section */
		014656281E76122600BAB2F8 /* Build configuration list for PBXProject "MiraclePill" */ = {
			isa = XCConfigurationList;
			buildConfigurations = (
				014656531E76122700BAB2F8 /* Debug */,
				014656541E76122700BAB2F8 /* Release */,
			);
			defaultConfigurationIsVisible = 0;
			defaultConfigurationName = Release;
		};
		014656551E76122700BAB2F8 /* Build configuration list for PBXNativeTarget "MiraclePill" */ = {
			isa = XCConfigurationList;
			buildConfigurations = (
				014656561E76122700BAB2F8 /* Debug */,
				014656571E76122700BAB2F8 /* Release */,
			);
			defaultConfigurationIsVisible = 0;
		};
		014656581E76122700BAB2F8 /* Build configuration list for PBXNativeTarget "MiraclePillTests" */ = {
			isa = XCConfigurationList;
			buildConfigurations = (
				014656591E76122700BAB2F8 /* Debug */,
				0146565A1E76122700BAB2F8 /* Release */,
			);
			defaultConfigurationIsVisible = 0;
		};
		0146565B1E76122700BAB2F8 /* Build configuration list for PBXNativeTarget "MiraclePillUITests" */ = {
			isa = XCConfigurationList;
			buildConfigurations = (
				0146565C1E76122700BAB2F8 /* Debug */,
				0146565D1E76122700BAB2F8 /* Release */,
			);
			defaultConfigurationIsVisible = 0;
		};
/* End XCConfigurationList section */
	};
	rootObject = 014656251E76122600BAB2F8 /* Project object */;
}
